// !$*UTF8*$!
{
	archiveVersion = 1;
	classes = {
	};
	objectVersion = 46;
	objects = {

/* Begin PBXBuildFile section */
		846BDD741F51487900E595DB /* BaseAnimationTransition.m in Sources */ = {isa = PBXBuildFile; fileRef = 846BDD731F51487900E595DB /* BaseAnimationTransition.m */; };
		84F40C6A1F4BDB130054954B /* main.m in Sources */ = {isa = PBXBuildFile; fileRef = 84F40C691F4BDB130054954B /* main.m */; };
		84F40C6D1F4BDB130054954B /* AppDelegate.m in Sources */ = {isa = PBXBuildFile; fileRef = 84F40C6C1F4BDB130054954B /* AppDelegate.m */; };
		84F40C701F4BDB130054954B /* ViewController.m in Sources */ = {isa = PBXBuildFile; fileRef = 84F40C6F1F4BDB130054954B /* ViewController.m */; };
		84F40C731F4BDB130054954B /* Main.storyboard in Resources */ = {isa = PBXBuildFile; fileRef = 84F40C711F4BDB130054954B /* Main.storyboard */; };
		84F40C751F4BDB130054954B /* Assets.xcassets in Resources */ = {isa = PBXBuildFile; fileRef = 84F40C741F4BDB130054954B /* Assets.xcassets */; };
		84F40C781F4BDB130054954B /* LaunchScreen.storyboard in Resources */ = {isa = PBXBuildFile; fileRef = 84F40C761F4BDB130054954B /* LaunchScreen.storyboard */; };
		84F40C881F4C54240054954B /* CustomerViewController.m in Sources */ = {isa = PBXBuildFile; fileRef = 84F40C871F4C54240054954B /* CustomerViewController.m */; };
		84F40C8C1F4C54690054954B /* TransitionSegue.m in Sources */ = {isa = PBXBuildFile; fileRef = 84F40C8B1F4C54690054954B /* TransitionSegue.m */; };
		84F40C901F4C55EF0054954B /* LastViewController.m in Sources */ = {isa = PBXBuildFile; fileRef = 84F40C8E1F4C55EF0054954B /* LastViewController.m */; };
		84F40C911F4C55EF0054954B /* LastViewController.xib in Resources */ = {isa = PBXBuildFile; fileRef = 84F40C8F1F4C55EF0054954B /* LastViewController.xib */; };
/* End PBXBuildFile section */

/* Begin PBXFileReference section */
		846BDD721F51487900E595DB /* BaseAnimationTransition.h */ = {isa = PBXFileReference; fileEncoding = 4; lastKnownFileType = sourcecode.c.h; path = BaseAnimationTransition.h; sourceTree = "<group>"; };
		846BDD731F51487900E595DB /* BaseAnimationTransition.m */ = {isa = PBXFileReference; fileEncoding = 4; lastKnownFileType = sourcecode.c.objc; path = BaseAnimationTransition.m; sourceTree = "<group>"; };
		84F40C651F4BDB130054954B /* osbornTransition.app */ = {isa = PBXFileReference; explicitFileType = wrapper.application; includeInIndex = 0; path = osbornTransition.app; sourceTree = BUILT_PRODUCTS_DIR; };
		84F40C691F4BDB130054954B /* main.m */ = {isa = PBXFileReference; lastKnownFileType = sourcecode.c.objc; path = main.m; sourceTree = "<group>"; };
		84F40C6B1F4BDB130054954B /* AppDelegate.h */ = {isa = PBXFileReference; lastKnownFileType = sourcecode.c.h; path = AppDelegate.h; sourceTree = "<group>"; };
		84F40C6C1F4BDB130054954B /* AppDelegate.m */ = {isa = PBXFileReference; lastKnownFileType = sourcecode.c.objc; path = AppDelegate.m; sourceTree = "<group>"; };
		84F40C6E1F4BDB130054954B /* ViewController.h */ = {isa = PBXFileReference; lastKnownFileType = sourcecode.c.h; path = ViewController.h; sourceTree = "<group>"; };
		84F40C6F1F4BDB130054954B /* ViewController.m */ = {isa = PBXFileReference; lastKnownFileType = sourcecode.c.objc; path = ViewController.m; sourceTree = "<group>"; };
		84F40C721F4BDB130054954B /* Base */ = {isa = PBXFileReference; lastKnownFileType = file.storyboard; name = Base; path = Base.lproj/Main.storyboard; sourceTree = "<group>"; };
		84F40C741F4BDB130054954B /* Assets.xcassets */ = {isa = PBXFileReference; lastKnownFileType = folder.assetcatalog; path = Assets.xcassets; sourceTree = "<group>"; };
		84F40C771F4BDB130054954B /* Base */ = {isa = PBXFileReference; lastKnownFileType = file.storyboard; name = Base; path = Base.lproj/LaunchScreen.storyboard; sourceTree = "<group>"; };
		84F40C791F4BDB130054954B /* Info.plist */ = {isa = PBXFileReference; lastKnownFileType = text.plist.xml; path = Info.plist; sourceTree = "<group>"; };
		84F40C861F4C54240054954B /* CustomerViewController.h */ = {isa = PBXFileReference; fileEncoding = 4; lastKnownFileType = sourcecode.c.h; path = CustomerViewController.h; sourceTree = "<group>"; };
		84F40C871F4C54240054954B /* CustomerViewController.m */ = {isa = PBXFileReference; fileEncoding = 4; lastKnownFileType = sourcecode.c.objc; path = CustomerViewController.m; sourceTree = "<group>"; };
		84F40C8A1F4C54690054954B /* TransitionSegue.h */ = {isa = PBXFileReference; fileEncoding = 4; lastKnownFileType = sourcecode.c.h; path = TransitionSegue.h; sourceTree = "<group>"; };
		84F40C8B1F4C54690054954B /* TransitionSegue.m */ = {isa = PBXFileReference; fileEncoding = 4; lastKnownFileType = sourcecode.c.objc; path = TransitionSegue.m; sourceTree = "<group>"; };
		84F40C8D1F4C55EF0054954B /* LastViewController.h */ = {isa = PBXFileReference; fileEncoding = 4; lastKnownFileType = sourcecode.c.h; path = LastViewController.h; sourceTree = "<group>"; };
		84F40C8E1F4C55EF0054954B /* LastViewController.m */ = {isa = PBXFileReference; fileEncoding = 4; lastKnownFileType = sourcecode.c.objc; path = LastViewController.m; sourceTree = "<group>"; };
		84F40C8F1F4C55EF0054954B /* LastViewController.xib */ = {isa = PBXFileReference; fileEncoding = 4; lastKnownFileType = file.xib; path = LastViewController.xib; sourceTree = "<group>"; };
/* End PBXFileReference section */

/* Begin PBXFrameworksBuildPhase section */
		84F40C621F4BDB130054954B /* Frameworks */ = {
			isa = PBXFrameworksBuildPhase;
			buildActionMask = 2147483647;
			files = (
			);
			runOnlyForDeploymentPostprocessing = 0;
		};
/* End PBXFrameworksBuildPhase section */

/* Begin PBXGroup section */
		84F40C5C1F4BDB130054954B = {
			isa = PBXGroup;
			children = (
				84F40C671F4BDB130054954B /* osbornTransition */,
				84F40C661F4BDB130054954B /* Products */,
			);
			sourceTree = "<group>";
		};
		84F40C661F4BDB130054954B /* Products */ = {
			isa = PBXGroup;
			children = (
				84F40C651F4BDB130054954B /* osbornTransition.app */,
			);
			name = Products;
			sourceTree = "<group>";
		};
		84F40C671F4BDB130054954B /* osbornTransition */ = {
			isa = PBXGroup;
			children = (
				84F40C6B1F4BDB130054954B /* AppDelegate.h */,
				84F40C6C1F4BDB130054954B /* AppDelegate.m */,
				84F40C6E1F4BDB130054954B /* ViewController.h */,
				84F40C6F1F4BDB130054954B /* ViewController.m */,
				84F40C851F4C54060054954B /* ViewControllerManager */,
				84F40C891F4C54690054954B /* TransitionManager */,
				84F40C711F4BDB130054954B /* Main.storyboard */,
				84F40C741F4BDB130054954B /* Assets.xcassets */,
				84F40C761F4BDB130054954B /* LaunchScreen.storyboard */,
				84F40C791F4BDB130054954B /* Info.plist */,
				84F40C681F4BDB130054954B /* Supporting Files */,
			);
			path = osbornTransition;
			sourceTree = "<group>";
		};
		84F40C681F4BDB130054954B /* Supporting Files */ = {
			isa = PBXGroup;
			children = (
				84F40C691F4BDB130054954B /* main.m */,
			);
			name = "Supporting Files";
			sourceTree = "<group>";
		};
		84F40C851F4C54060054954B /* ViewControllerManager */ = {
			isa = PBXGroup;
			children = (
				84F40C861F4C54240054954B /* CustomerViewController.h */,
				84F40C871F4C54240054954B /* CustomerViewController.m */,
				84F40C8D1F4C55EF0054954B /* LastViewController.h */,
				84F40C8E1F4C55EF0054954B /* LastViewController.m */,
				84F40C8F1F4C55EF0054954B /* LastViewController.xib */,
			);
			path = ViewControllerManager;
			sourceTree = "<group>";
		};
		84F40C891F4C54690054954B /* TransitionManager */ = {
			isa = PBXGroup;
			children = (
				84F40C8A1F4C54690054954B /* TransitionSegue.h */,
				84F40C8B1F4C54690054954B /* TransitionSegue.m */,
				846BDD721F51487900E595DB /* BaseAnimationTransition.h */,
				846BDD731F51487900E595DB /* BaseAnimationTransition.m */,
			);
			path = TransitionManager;
			sourceTree = "<group>";
		};
/* End PBXGroup section */

/* Begin PBXNativeTarget section */
		84F40C641F4BDB130054954B /* osbornTransition */ = {
			isa = PBXNativeTarget;
			buildConfigurationList = 84F40C7C1F4BDB130054954B /* Build configuration list for PBXNativeTarget "osbornTransition" */;
			buildPhases = (
				84F40C611F4BDB130054954B /* Sources */,
				84F40C621F4BDB130054954B /* Frameworks */,
				84F40C631F4BDB130054954B /* Resources */,
			);
			buildRules = (
			);
			dependencies = (
			);
			name = osbornTransition;
			productName = osbornTransition;
			productReference = 84F40C651F4BDB130054954B /* osbornTransition.app */;
			productType = "com.apple.product-type.application";
		};
/* End PBXNativeTarget section */

/* Begin PBXProject section */
		84F40C5D1F4BDB130054954B /* Project object */ = {
			isa = PBXProject;
			attributes = {
				LastUpgradeCheck = 0830;
				ORGANIZATIONNAME = zfan;
				TargetAttributes = {
					84F40C641F4BDB130054954B = {
						CreatedOnToolsVersion = 8.3.2;
						DevelopmentTeam = XKK5C64TUS;
						ProvisioningStyle = Automatic;
					};
				};
			};
			buildConfigurationList = 84F40C601F4BDB130054954B /* Build configuration list for PBXProject "osbornTransition" */;
			compatibilityVersion = "Xcode 3.2";
			developmentRegion = English;
			hasScannedForEncodings = 0;
			knownRegions = (
				en,
				Base,
			);
			mainGroup = 84F40C5C1F4BDB130054954B;
			productRefGroup = 84F40C661F4BDB130054954B /* Products */;
			projectDirPath = "";
			projectRoot = "";
			targets = (
				84F40C641F4BDB130054954B /* osbornTransition */,
			);
		};
/* End PBXProject section */

/* Begin PBXResourcesBuildPhase section */
		84F40C631F4BDB130054954B /* Resources */ = {
			isa = PBXResourcesBuildPhase;
			buildActionMask = 2147483647;
			files = (
				84F40C781F4BDB130054954B /* LaunchScreen.storyboard in Resources */,
				84F40C751F4BDB130054954B /* Assets.xcassets in Resources */,
				84F40C911F4C55EF0054954B /* LastViewController.xib in Resources */,
				84F40C731F4BDB130054954B /* Main.storyboard in Resources */,
			);
			runOnlyForDeploymentPostprocessing = 0;
		};
/* End PBXResourcesBuildPhase section */

/* Begin PBXSourcesBuildPhase section */
		84F40C611F4BDB130054954B /* Sources */ = {
			isa = PBXSourcesBuildPhase;
			buildActionMask = 2147483647;
			files = (
				846BDD741F51487900E595DB /* BaseAnimationTransition.m in Sources */,
				84F40C701F4BDB130054954B /* ViewController.m in Sources */,
				84F40C6D1F4BDB130054954B /* AppDelegate.m in Sources */,
				84F40C6A1F4BDB130054954B /* main.m in Sources */,
				84F40C8C1F4C54690054954B /* TransitionSegue.m in Sources */,
				84F40C901F4C55EF0054954B /* LastViewController.m in Sources */,
				84F40C881F4C54240054954B /* CustomerViewController.m in Sources */,
			);
			runOnlyForDeploymentPostprocessing = 0;
		};
/* End PBXSourcesBuildPhase section */

/* Begin PBXVariantGroup section */
		84F40C711F4BDB130054954B /* Main.storyboard */ = {
			isa = PBXVariantGroup;
			children = (
				84F40C721F4BDB130054954B /* Base */,
			);
			name = Main.storyboard;
			sourceTree = "<group>";
		};
		84F40C761F4BDB130054954B /* LaunchScreen.storyboard */ = {
			isa = PBXVariantGroup;
			children = (
				84F40C771F4BDB130054954B /* Base */,
			);
			name = LaunchScreen.storyboard;
			sourceTree = "<group>";
		};
/* End PBXVariantGroup section */

/* Begin XCBuildConfiguration section */
		84F40C7A1F4BDB130054954B /* Debug */ = {
			isa = XCBuildConfiguration;
			buildSettings = {
				ALWAYS_SEARCH_USER_PATHS = NO;
				CLANG_ANALYZER_NONNULL = YES;
				CLANG_ANALYZER_NUMBER_OBJECT_CONVERSION = YES_AGGRESSIVE;
				CLANG_CXX_LANGUAGE_STANDARD = "gnu++0x";
				CLANG_CXX_LIBRARY = "libc++";
				CLANG_ENABLE_MODULES = YES;
				CLANG_ENABLE_OBJC_ARC = YES;
				CLANG_WARN_BOOL_CONVERSION = YES;
				CLANG_WARN_CONSTANT_CONVERSION = YES;
				CLANG_WARN_DIRECT_OBJC_ISA_USAGE = YES_ERROR;
				CLANG_WARN_DOCUMENTATION_COMMENTS = YES;
				CLANG_WARN_EMPTY_BODY = YES;
				CLANG_WARN_ENUM_CONVERSION = YES;
				CLANG_WARN_INFINITE_RECURSION = YES;
				CLANG_WARN_INT_CONVERSION = YES;
				CLANG_WARN_OBJC_ROOT_CLASS = YES_ERROR;
				CLANG_WARN_SUSPICIOUS_MOVE = YES;
				CLANG_WARN_UNREACHABLE_CODE = YES;
				CLANG_WARN__DUPLICATE_METHOD_MATCH = YES;
				"CODE_SIGN_IDENTITY[sdk=iphoneos*]" = "iPhone Developer";
				COPY_PHASE_STRIP = NO;
				DEBUG_INFORMATION_FORMAT = dwarf;
				ENABLE_STRICT_OBJC_MSGSEND = YES;
				ENABLE_TESTABILITY = YES;
				GCC_C_LANGUAGE_STANDARD = gnu99;
				GCC_DYNAMIC_NO_PIC = NO;
				GCC_NO_COMMON_BLOCKS = YES;
				GCC_OPTIMIZATION_LEVEL = 0;
				GCC_PREPROCESSOR_DEFINITIONS = (
					"DEBUG=1",
					"$(inherited)",
				);
				GCC_WARN_64_TO_32_BIT_CONVERSION = YES;
				GCC_WARN_ABOUT_RETURN_TYPE = YES_ERROR;
				GCC_WARN_UNDECLARED_SELECTOR = YES;
				GCC_WARN_UNINITIALIZED_AUTOS = YES_AGGRESSIVE;
				GCC_WARN_UNUSED_FUNCTION = YES;
				GCC_WARN_UNUSED_VARIABLE = YES;
				IPHONEOS_DEPLOYMENT_TARGET = 10.3;
				MTL_ENABLE_DEBUG_INFO = YES;
				ONLY_ACTIVE_ARCH = YES;
				SDKROOT = iphoneos;
			};
			name = Debug;
		};
		84F40C7B1F4BDB130054954B /* Release */ = {
			isa = XCBuildConfiguration;
			buildSettings = {
				ALWAYS_SEARCH_USER_PATHS = NO;
				CLANG_ANALYZER_NONNULL = YES;
				CLANG_ANALYZER_NUMBER_OBJECT_CONVERSION = YES_AGGRESSIVE;
				CLANG_CXX_LANGUAGE_STANDARD = "gnu++0x";
				CLANG_CXX_LIBRARY = "libc++";
				CLANG_ENABLE_MODULES = YES;
				CLANG_ENABLE_OBJC_ARC = YES;
				CLANG_WARN_BOOL_CONVERSION = YES;
				CLANG_WARN_CONSTANT_CONVERSION = YES;
				CLANG_WARN_DIRECT_OBJC_ISA_USAGE = YES_ERROR;
				CLANG_WARN_DOCUMENTATION_COMMENTS = YES;
				CLANG_WARN_EMPTY_BODY = YES;
				CLANG_WARN_ENUM_CONVERSION = YES;
				CLANG_WARN_INFINITE_RECURSION = YES;
				CLANG_WARN_INT_CONVERSION = YES;
				CLANG_WARN_OBJC_ROOT_CLASS = YES_ERROR;
				CLANG_WARN_SUSPICIOUS_MOVE = YES;
				CLANG_WARN_UNREACHABLE_CODE = YES;
				CLANG_WARN__DUPLICATE_METHOD_MATCH = YES;
				"CODE_SIGN_IDENTITY[sdk=iphoneos*]" = "iPhone Developer";
				COPY_PHASE_STRIP = NO;
				DEBUG_INFORMATION_FORMAT = "dwarf-with-dsym";
				ENABLE_NS_ASSERTIONS = NO;
				ENABLE_STRICT_OBJC_MSGSEND = YES;
				GCC_C_LANGUAGE_STANDARD = gnu99;
				GCC_NO_COMMON_BLOCKS = YES;
				GCC_WARN_64_TO_32_BIT_CONVERSION = YES;
				GCC_WARN_ABOUT_RETURN_TYPE = YES_ERROR;
				GCC_WARN_UNDECLARED_SELECTOR = YES;
				GCC_WARN_UNINITIALIZED_AUTOS = YES_AGGRESSIVE;
				GCC_WARN_UNUSED_FUNCTION = YES;
				GCC_WARN_UNUSED_VARIABLE = YES;
				IPHONEOS_DEPLOYMENT_TARGET = 10.3;
				MTL_ENABLE_DEBUG_INFO = NO;
				SDKROOT = iphoneos;
				VALIDATE_PRODUCT = YES;
			};
			name = Release;
		};
		84F40C7D1F4BDB130054954B /* Debug */ = {
			isa = XCBuildConfiguration;
			buildSettings = {
				ASSETCATALOG_COMPILER_APPICON_NAME = AppIcon;
				DEVELOPMENT_TEAM = XKK5C64TUS;
				INFOPLIST_FILE = osbornTransition/Info.plist;
				IPHONEOS_DEPLOYMENT_TARGET = 8.0;
				LD_RUNPATH_SEARCH_PATHS = "$(inherited) @executable_path/Frameworks";
				PRODUCT_BUNDLE_IDENTIFIER = zfxj0902.osbornTransition;
				PRODUCT_NAME = "$(TARGET_NAME)";
			};
			name = Debug;
		};
		84F40C7E1F4BDB130054954B /* Release */ = {
			isa = XCBuildConfiguration;
			buildSettings = {
				ASSETCATALOG_COMPILER_APPICON_NAME = AppIcon;
				DEVELOPMENT_TEAM = XKK5C64TUS;
				INFOPLIST_FILE = osbornTransition/Info.plist;
				IPHONEOS_DEPLOYMENT_TARGET = 8.0;
				LD_RUNPATH_SEARCH_PATHS = "$(inherited) @executable_path/Frameworks";
				PRODUCT_BUNDLE_IDENTIFIER = zfxj0902.osbornTransition;
				PRODUCT_NAME = "$(TARGET_NAME)";
			};
			name = Release;
		};
/* End XCBuildConfiguration section */

/* Begin XCConfigurationList section */
		84F40C601F4BDB130054954B /* Build configuration list for PBXProject "osbornTransition" */ = {
			isa = XCConfigurationList;
			buildConfigurations = (
				84F40C7A1F4BDB130054954B /* Debug */,
				84F40C7B1F4BDB130054954B /* Release */,
			);
			defaultConfigurationIsVisible = 0;
			defaultConfigurationName = Release;
		};
		84F40C7C1F4BDB130054954B /* Build configuration list for PBXNativeTarget "osbornTransition" */ = {
			isa = XCConfigurationList;
			buildConfigurations = (
				84F40C7D1F4BDB130054954B /* Debug */,
				84F40C7E1F4BDB130054954B /* Release */,
			);
			defaultConfigurationIsVisible = 0;
			defaultConfigurationName = Release;
		};
/* End XCConfigurationList section */
	};
	rootObject = 84F40C5D1F4BDB130054954B /* Project object */;
}
